
Microsoft Visual Studio Solution File, Format Version 12.00
# Visual Studio 15
VisualStudioVersion = 15.0.28010.2026
MinimumVisualStudioVersion = 10.0.40219.1
Project("{FAE04EC0-301F-11D3-BF4B-00C04F79EFBC}") = "RefactorDemo.Android", "RefactorDemo\RefactorDemo.Android\RefactorDemo.Android.csproj", "{00928AC2-175D-4C4D-8FA0-2757C2B434F6}"
EndProject
Project("{FAE04EC0-301F-11D3-BF4B-00C04F79EFBC}") = "RefactorDemo.iOS", "RefactorDemo\RefactorDemo.iOS\RefactorDemo.iOS.csproj", "{FA80CAB2-D5B3-4011-9E1F-5D10BCE196B7}"
EndProject
Project("{FAE04EC0-301F-11D3-BF4B-00C04F79EFBC}") = "RefactorDemo", "RefactorDemo\RefactorDemo\RefactorDemo.csproj", "{41C916D6-2A7C-4623-B751-F2B49D62A996}"
EndProject
Global
	GlobalSection(SolutionConfigurationPlatforms) = preSolution
		Ad-Hoc|Any CPU = Ad-Hoc|Any CPU
		Ad-Hoc|iPhone = Ad-Hoc|iPhone
		Ad-Hoc|iPhoneSimulator = Ad-Hoc|iPhoneSimulator
		AppStore|Any CPU = AppStore|Any CPU
		AppStore|iPhone = AppStore|iPhone
		AppStore|iPhoneSimulator = AppStore|iPhoneSimulator
		Debug|Any CPU = Debug|Any CPU
		Debug|iPhone = Debug|iPhone
		Debug|iPhoneSimulator = Debug|iPhoneSimulator
		Release|Any CPU = Release|Any CPU
		Release|iPhone = Release|iPhone
		Release|iPhoneSimulator = Release|iPhoneSimulator
	EndGlobalSection
	GlobalSection(ProjectConfigurationPlatforms) = postSolution
		{00928AC2-175D-4C4D-8FA0-2757C2B434F6}.Ad-Hoc|Any CPU.ActiveCfg = Release|Any CPU
		{00928AC2-175D-4C4D-8FA0-2757C2B434F6}.Ad-Hoc|Any CPU.Build.0 = Release|Any CPU
		{00928AC2-175D-4C4D-8FA0-2757C2B434F6}.Ad-Hoc|Any CPU.Deploy.0 = Release|Any CPU
		{00928AC2-175D-4C4D-8FA0-2757C2B434F6}.Ad-Hoc|iPhone.ActiveCfg = Release|Any CPU
		{00928AC2-175D-4C4D-8FA0-2757C2B434F6}.Ad-Hoc|iPhone.Build.0 = Release|Any CPU
		{00928AC2-175D-4C4D-8FA0-2757C2B434F6}.Ad-Hoc|iPhone.Deploy.0 = Release|Any CPU
		{00928AC2-175D-4C4D-8FA0-2757C2B434F6}.Ad-Hoc|iPhoneSimulator.ActiveCfg = Release|Any CPU
		{00928AC2-175D-4C4D-8FA0-2757C2B434F6}.Ad-Hoc|iPhoneSimulator.Build.0 = Release|Any CPU
		{00928AC2-175D-4C4D-8FA0-2757C2B434F6}.Ad-Hoc|iPhoneSimulator.Deploy.0 = Release|Any CPU
		{00928AC2-175D-4C4D-8FA0-2757C2B434F6}.AppStore|Any CPU.ActiveCfg = Release|Any CPU
		{00928AC2-175D-4C4D-8FA0-2757C2B434F6}.AppStore|Any CPU.Build.0 = Release|Any CPU
		{00928AC2-175D-4C4D-8FA0-2757C2B434F6}.AppStore|Any CPU.Deploy.0 = Release|Any CPU
		{00928AC2-175D-4C4D-8FA0-2757C2B434F6}.AppStore|iPhone.ActiveCfg = Release|Any CPU
		{00928AC2-175D-4C4D-8FA0-2757C2B434F6}.AppStore|iPhone.Build.0 = Release|Any CPU
		{00928AC2-175D-4C4D-8FA0-2757C2B434F6}.AppStore|iPhone.Deploy.0 = Release|Any CPU
		{00928AC2-175D-4C4D-8FA0-2757C2B434F6}.AppStore|iPhoneSimulator.ActiveCfg = Release|Any CPU
		{00928AC2-175D-4C4D-8FA0-2757C2B434F6}.AppStore|iPhoneSimulator.Build.0 = Release|Any CPU
		{00928AC2-175D-4C4D-8FA0-2757C2B434F6}.AppStore|iPhoneSimulator.Deploy.0 = Release|Any CPU
		{00928AC2-175D-4C4D-8FA0-2757C2B434F6}.Debug|Any CPU.ActiveCfg = Debug|Any CPU
		{00928AC2-175D-4C4D-8FA0-2757C2B434F6}.Debug|Any CPU.Build.0 = Debug|Any CPU
		{00928AC2-175D-4C4D-8FA0-2757C2B434F6}.Debug|Any CPU.Deploy.0 = Debug|Any CPU
		{00928AC2-175D-4C4D-8FA0-2757C2B434F6}.Debug|iPhone.ActiveCfg = Debug|Any CPU
		{00928AC2-175D-4C4D-8FA0-2757C2B434F6}.Debug|iPhone.Build.0 = Debug|Any CPU
		{00928AC2-175D-4C4D-8FA0-2757C2B434F6}.Debug|iPhone.Deploy.0 = Debug|Any CPU
		{00928AC2-175D-4C4D-8FA0-2757C2B434F6}.Debug|iPhoneSimulator.ActiveCfg = Debug|Any CPU
		{00928AC2-175D-4C4D-8FA0-2757C2B434F6}.Debug|iPhoneSimulator.Build.0 = Debug|Any CPU
		{00928AC2-175D-4C4D-8FA0-2757C2B434F6}.Debug|iPhoneSimulator.Deploy.0 = Debug|Any CPU
		{00928AC2-175D-4C4D-8FA0-2757C2B434F6}.Release|Any CPU.ActiveCfg = Release|Any CPU
		{00928AC2-175D-4C4D-8FA0-2757C2B434F6}.Release|Any CPU.Build.0 = Release|Any CPU
		{00928AC2-175D-4C4D-8FA0-2757C2B434F6}.Release|Any CPU.Deploy.0 = Release|Any CPU
		{00928AC2-175D-4C4D-8FA0-2757C2B434F6}.Release|iPhone.ActiveCfg = Release|Any CPU
		{00928AC2-175D-4C4D-8FA0-2757C2B434F6}.Release|iPhone.Build.0 = Release|Any CPU
		{00928AC2-175D-4C4D-8FA0-2757C2B434F6}.Release|iPhone.Deploy.0 = Release|Any CPU
		{00928AC2-175D-4C4D-8FA0-2757C2B434F6}.Release|iPhoneSimulator.ActiveCfg = Release|Any CPU
		{00928AC2-175D-4C4D-8FA0-2757C2B434F6}.Release|iPhoneSimulator.Build.0 = Release|Any CPU
		{00928AC2-175D-4C4D-8FA0-2757C2B434F6}.Release|iPhoneSimulator.Deploy.0 = Release|Any CPU
		{FA80CAB2-D5B3-4011-9E1F-5D10BCE196B7}.Ad-Hoc|Any CPU.ActiveCfg = Ad-Hoc|iPhone
		{FA80CAB2-D5B3-4011-9E1F-5D10BCE196B7}.Ad-Hoc|Any CPU.Build.0 = Ad-Hoc|iPhone
		{FA80CAB2-D5B3-4011-9E1F-5D10BCE196B7}.Ad-Hoc|Any CPU.Deploy.0 = Ad-Hoc|iPhone
		{FA80CAB2-D5B3-4011-9E1F-5D10BCE196B7}.Ad-Hoc|iPhone.ActiveCfg = Ad-Hoc|iPhone
		{FA80CAB2-D5B3-4011-9E1F-5D10BCE196B7}.Ad-Hoc|iPhone.Build.0 = Ad-Hoc|iPhone
		{FA80CAB2-D5B3-4011-9E1F-5D10BCE196B7}.Ad-Hoc|iPhone.Deploy.0 = Ad-Hoc|iPhone
		{FA80CAB2-D5B3-4011-9E1F-5D10BCE196B7}.Ad-Hoc|iPhoneSimulator.ActiveCfg = Ad-Hoc|iPhoneSimulator
		{FA80CAB2-D5B3-4011-9E1F-5D10BCE196B7}.Ad-Hoc|iPhoneSimulator.Build.0 = Ad-Hoc|iPhoneSimulator
		{FA80CAB2-D5B3-4011-9E1F-5D10BCE196B7}.Ad-Hoc|iPhoneSimulator.Deploy.0 = Ad-Hoc|iPhoneSimulator
		{FA80CAB2-D5B3-4011-9E1F-5D10BCE196B7}.AppStore|Any CPU.ActiveCfg = AppStore|iPhone
		{FA80CAB2-D5B3-4011-9E1F-5D10BCE196B7}.AppStore|Any CPU.Build.0 = AppStore|iPhone
		{FA80CAB2-D5B3-4011-9E1F-5D10BCE196B7}.AppStore|Any CPU.Deploy.0 = AppStore|iPhone
		{FA80CAB2-D5B3-4011-9E1F-5D10BCE196B7}.AppStore|iPhone.ActiveCfg = AppStore|iPhone
		{FA80CAB2-D5B3-4011-9E1F-5D10BCE196B7}.AppStore|iPhone.Build.0 = AppStore|iPhone
		{FA80CAB2-D5B3-4011-9E1F-5D10BCE196B7}.AppStore|iPhone.Deploy.0 = AppStore|iPhone
		{FA80CAB2-D5B3-4011-9E1F-5D10BCE196B7}.AppStore|iPhoneSimulator.ActiveCfg = AppStore|iPhoneSimulator
		{FA80CAB2-D5B3-4011-9E1F-5D10BCE196B7}.AppStore|iPhoneSimulator.Build.0 = AppStore|iPhoneSimulator
		{FA80CAB2-D5B3-4011-9E1F-5D10BCE196B7}.AppStore|iPhoneSimulator.Deploy.0 = AppStore|iPhoneSimulator
		{FA80CAB2-D5B3-4011-9E1F-5D10BCE196B7}.Debug|Any CPU.ActiveCfg = Debug|iPhoneSimulator
		{FA80CAB2-D5B3-4011-9E1F-5D10BCE196B7}.Debug|Any CPU.Build.0 = Debug|iPhoneSimulator
		{FA80CAB2-D5B3-4011-9E1F-5D10BCE196B7}.Debug|Any CPU.Deploy.0 = Debug|iPhoneSimulator
		{FA80CAB2-D5B3-4011-9E1F-5D10BCE196B7}.Debug|iPhone.ActiveCfg = Debug|iPhone
		{FA80CAB2-D5B3-4011-9E1F-5D10BCE196B7}.Debug|iPhone.Build.0 = Debug|iPhone
		{FA80CAB2-D5B3-4011-9E1F-5D10BCE196B7}.Debug|iPhone.Deploy.0 = Debug|iPhone
		{FA80CAB2-D5B3-4011-9E1F-5D10BCE196B7}.Debug|iPhoneSimulator.ActiveCfg = Debug|iPhoneSimulator
		{FA80CAB2-D5B3-4011-9E1F-5D10BCE196B7}.Debug|iPhoneSimulator.Build.0 = Debug|iPhoneSimulator
		{FA80CAB2-D5B3-4011-9E1F-5D10BCE196B7}.Debug|iPhoneSimulator.Deploy.0 = Debug|iPhoneSimulator
		{FA80CAB2-D5B3-4011-9E1F-5D10BCE196B7}.Release|Any CPU.ActiveCfg = Release|iPhone
		{FA80CAB2-D5B3-4011-9E1F-5D10BCE196B7}.Release|Any CPU.Build.0 = Release|iPhone
		{FA80CAB2-D5B3-4011-9E1F-5D10BCE196B7}.Release|Any CPU.Deploy.0 = Release|iPhone
		{FA80CAB2-D5B3-4011-9E1F-5D10BCE196B7}.Release|iPhone.ActiveCfg = Release|iPhone
		{FA80CAB2-D5B3-4011-9E1F-5D10BCE196B7}.Release|iPhone.Build.0 = Release|iPhone
		{FA80CAB2-D5B3-4011-9E1F-5D10BCE196B7}.Release|iPhone.Deploy.0 = Release|iPhone
		{FA80CAB2-D5B3-4011-9E1F-5D10BCE196B7}.Release|iPhoneSimulator.ActiveCfg = Release|iPhoneSimulator
		{FA80CAB2-D5B3-4011-9E1F-5D10BCE196B7}.Release|iPhoneSimulator.Build.0 = Release|iPhoneSimulator
		{FA80CAB2-D5B3-4011-9E1F-5D10BCE196B7}.Release|iPhoneSimulator.Deploy.0 = Release|iPhoneSimulator
		{41C916D6-2A7C-4623-B751-F2B49D62A996}.Ad-Hoc|Any CPU.ActiveCfg = Debug|Any CPU
		{41C916D6-2A7C-4623-B751-F2B49D62A996}.Ad-Hoc|Any CPU.Build.0 = Debug|Any CPU
		{41C916D6-2A7C-4623-B751-F2B49D62A996}.Ad-Hoc|Any CPU.Deploy.0 = Debug|Any CPU
		{41C916D6-2A7C-4623-B751-F2B49D62A996}.Ad-Hoc|iPhone.ActiveCfg = Debug|Any CPU
		{41C916D6-2A7C-4623-B751-F2B49D62A996}.Ad-Hoc|iPhone.Build.0 = Debug|Any CPU
		{41C916D6-2A7C-4623-B751-F2B49D62A996}.Ad-Hoc|iPhone.Deploy.0 = Debug|Any CPU
		{41C916D6-2A7C-4623-B751-F2B49D62A996}.Ad-Hoc|iPhoneSimulator.ActiveCfg = Debug|Any CPU
		{41C916D6-2A7C-4623-B751-F2B49D62A996}.Ad-Hoc|iPhoneSimulator.Build.0 = Debug|Any CPU
		{41C916D6-2A7C-4623-B751-F2B49D62A996}.Ad-Hoc|iPhoneSimulator.Deploy.0 = Debug|Any CPU
		{41C916D6-2A7C-4623-B751-F2B49D62A996}.AppStore|Any CPU.ActiveCfg = Debug|Any CPU
		{41C916D6-2A7C-4623-B751-F2B49D62A996}.AppStore|Any CPU.Build.0 = Debug|Any CPU
		{41C916D6-2A7C-4623-B751-F2B49D62A996}.AppStore|Any CPU.Deploy.0 = Debug|Any CPU
		{41C916D6-2A7C-4623-B751-F2B49D62A996}.AppStore|iPhone.ActiveCfg = Debug|Any CPU
		{41C916D6-2A7C-4623-B751-F2B49D62A996}.AppStore|iPhone.Build.0 = Debug|Any CPU
		{41C916D6-2A7C-4623-B751-F2B49D62A996}.AppStore|iPhone.Deploy.0 = Debug|Any CPU
		{41C916D6-2A7C-4623-B751-F2B49D62A996}.AppStore|iPhoneSimulator.ActiveCfg = Debug|Any CPU
		{41C916D6-2A7C-4623-B751-F2B49D62A996}.AppStore|iPhoneSimulator.Build.0 = Debug|Any CPU
		{41C916D6-2A7C-4623-B751-F2B49D62A996}.AppStore|iPhoneSimulator.Deploy.0 = Debug|Any CPU
		{41C916D6-2A7C-4623-B751-F2B49D62A996}.Debug|Any CPU.ActiveCfg = Debug|Any CPU
		{41C916D6-2A7C-4623-B751-F2B49D62A996}.Debug|Any CPU.Build.0 = Debug|Any CPU
		{41C916D6-2A7C-4623-B751-F2B49D62A996}.Debug|Any CPU.Deploy.0 = Debug|Any CPU
		{41C916D6-2A7C-4623-B751-F2B49D62A996}.Debug|iPhone.ActiveCfg = Debug|Any CPU
		{41C916D6-2A7C-4623-B751-F2B49D62A996}.Debug|iPhone.Build.0 = Debug|Any CPU
		{41C916D6-2A7C-4623-B751-F2B49D62A996}.Debug|iPhone.Deploy.0 = Debug|Any CPU
		{41C916D6-2A7C-4623-B751-F2B49D62A996}.Debug|iPhoneSimulator.ActiveCfg = Debug|Any CPU
		{41C916D6-2A7C-4623-B751-F2B49D62A996}.Debug|iPhoneSimulator.Build.0 = Debug|Any CPU
		{41C916D6-2A7C-4623-B751-F2B49D62A996}.Debug|iPhoneSimulator.Deploy.0 = Debug|Any CPU
		{41C916D6-2A7C-4623-B751-F2B49D62A996}.Release|Any CPU.ActiveCfg = Release|Any CPU
		{41C916D6-2A7C-4623-B751-F2B49D62A996}.Release|Any CPU.Build.0 = Release|Any CPU
		{41C916D6-2A7C-4623-B751-F2B49D62A996}.Release|Any CPU.Deploy.0 = Release|Any CPU
		{41C916D6-2A7C-4623-B751-F2B49D62A996}.Release|iPhone.ActiveCfg = Release|Any CPU
		{41C916D6-2A7C-4623-B751-F2B49D62A996}.Release|iPhone.Build.0 = Release|Any CPU
		{41C916D6-2A7C-4623-B751-F2B49D62A996}.Release|iPhone.Deploy.0 = Release|Any CPU
		{41C916D6-2A7C-4623-B751-F2B49D62A996}.Release|iPhoneSimulator.ActiveCfg = Release|Any CPU
		{41C916D6-2A7C-4623-B751-F2B49D62A996}.Release|iPhoneSimulator.Build.0 = Release|Any CPU
		{41C916D6-2A7C-4623-B751-F2B49D62A996}.Release|iPhoneSimulator.Deploy.0 = Release|Any CPU
	EndGlobalSection
	GlobalSection(SolutionProperties) = preSolution
		HideSolutionNode = FALSE
	EndGlobalSection
	GlobalSection(ExtensibilityGlobals) = postSolution
		SolutionGuid = {41CDC875-24A2-4907-9F02-D92D9DD46BAE}
	EndGlobalSection
EndGlobal
